github.com/gonutz/w32 v1.0.0 h1:3t1z6ZfkFvirjFYBx9pHeHBuKoN/VBVk9yHb/m2Ll/k=
github.com/gonutz/w32 v1.0.0/go.mod h1:Rc/YP5K9gv0FW4p6X9qL3E7Y56lfMflEol1fLElfMW4=
github.com/gonutz/wui v1.0.0 h1:kXv6iHawOtz8g6qK4K29rs8KClHo1yYrrYddHArxpcY=
github.com/gonutz/wui v1.0.0/go.mod h1:cpEPmIh19mpxkcho2qMHLX16gVteB1aee8g11887kyE=
